
Microsoft Visual Studio Solution File, Format Version 12.00
# Visual Studio Version 17
VisualStudioVersion = 17.5.002.0
MinimumVisualStudioVersion = 10.0.40219.1
Project("{9A19103F-16F7-4668-BE54-9A1E7A4F7556}") = "atividade 18", "atividade 18.csproj", "{448F5BB9-83E8-44C0-B8A5-1CEFA6559D92}"
EndProject
Global
	GlobalSection(SolutionConfigurationPlatforms) = preSolution
		Debug|Any CPU = Debug|Any CPU
		Release|Any CPU = Release|Any CPU
	EndGlobalSection
	GlobalSection(ProjectConfigurationPlatforms) = postSolution
		{448F5BB9-83E8-44C0-B8A5-1CEFA6559D92}.Debug|Any CPU.ActiveCfg = Debug|Any CPU
		{448F5BB9-83E8-44C0-B8A5-1CEFA6559D92}.Debug|Any CPU.Build.0 = Debug|Any CPU
		{448F5BB9-83E8-44C0-B8A5-1CEFA6559D92}.Release|Any CPU.ActiveCfg = Release|Any CPU
		{448F5BB9-83E8-44C0-B8A5-1CEFA6559D92}.Release|Any CPU.Build.0 = Release|Any CPU
	EndGlobalSection
	GlobalSection(SolutionProperties) = preSolution
		HideSolutionNode = FALSE
	EndGlobalSection
	GlobalSection(ExtensibilityGlobals) = postSolution
		SolutionGuid = {73709D02-5CD2-4020-94E6-5D8863CE522F}
	EndGlobalSection
EndGlobal
